
Microsoft Visual Studio Solution File, Format Version 12.00
# Visual Studio Version 17
VisualStudioVersion = 17.0.32112.339
MinimumVisualStudioVersion = 10.0.40219.1
Project("{FAE04EC0-301F-11D3-BF4B-00C04F79EFBC}") = "ABC", "ABC\ABC.csproj", "{5470DD45-972B-4B91-A41E-D83BF702A32C}"
EndProject
Global
	GlobalSection(SolutionConfigurationPlatforms) = preSolution
		Debug|Any CPU = Debug|Any CPU
		Release|Any CPU = Release|Any CPU
	EndGlobalSection
	GlobalSection(ProjectConfigurationPlatforms) = postSolution
		{5470DD45-972B-4B91-A41E-D83BF702A32C}.Debug|Any CPU.ActiveCfg = Debug|Any CPU
		{5470DD45-972B-4B91-A41E-D83BF702A32C}.Debug|Any CPU.Build.0 = Debug|Any CPU
		{5470DD45-972B-4B91-A41E-D83BF702A32C}.Release|Any CPU.ActiveCfg = Release|Any CPU
		{5470DD45-972B-4B91-A41E-D83BF702A32C}.Release|Any CPU.Build.0 = Release|Any CPU
	EndGlobalSection
	GlobalSection(SolutionProperties) = preSolution
		HideSolutionNode = FALSE
	EndGlobalSection
	GlobalSection(ExtensibilityGlobals) = postSolution
		SolutionGuid = {B855DA59-59D4-4F89-A757-0678B795B151}
	EndGlobalSection
EndGlobal
