
Microsoft Visual Studio Solution File, Format Version 12.00
# Visual Studio Version 17
VisualStudioVersion = 17.0.32112.339
MinimumVisualStudioVersion = 10.0.40219.1
Project("{FAE04EC0-301F-11D3-BF4B-00C04F79EFBC}") = "Raje", "Raje\Raje.csproj", "{8998B941-0D92-4D0B-81AE-E43C1A526DB1}"
EndProject
Global
	GlobalSection(SolutionConfigurationPlatforms) = preSolution
		Debug|Any CPU = Debug|Any CPU
		Release|Any CPU = Release|Any CPU
	EndGlobalSection
	GlobalSection(ProjectConfigurationPlatforms) = postSolution
		{8998B941-0D92-4D0B-81AE-E43C1A526DB1}.Debug|Any CPU.ActiveCfg = Debug|Any CPU
		{8998B941-0D92-4D0B-81AE-E43C1A526DB1}.Debug|Any CPU.Build.0 = Debug|Any CPU
		{8998B941-0D92-4D0B-81AE-E43C1A526DB1}.Release|Any CPU.ActiveCfg = Release|Any CPU
		{8998B941-0D92-4D0B-81AE-E43C1A526DB1}.Release|Any CPU.Build.0 = Release|Any CPU
	EndGlobalSection
	GlobalSection(SolutionProperties) = preSolution
		HideSolutionNode = FALSE
	EndGlobalSection
	GlobalSection(ExtensibilityGlobals) = postSolution
		SolutionGuid = {B0EE2C1D-586B-452C-9ABC-CF67585FCC05}
	EndGlobalSection
EndGlobal
